
Microsoft Visual Studio Solution File, Format Version 12.00
# Visual Studio Version 16
VisualStudioVersion = 16.0.30717.126
MinimumVisualStudioVersion = 10.0.40219.1
Project("{FAE04EC0-301F-11D3-BF4B-00C04F79EFBC}") = "lab3", "lab3\lab3.csproj", "{E7B7263F-0394-46B2-A726-6BEEC3A6815C}"
EndProject
Global
	GlobalSection(SolutionConfigurationPlatforms) = preSolution
		Debug|Any CPU = Debug|Any CPU
		Release|Any CPU = Release|Any CPU
	EndGlobalSection
	GlobalSection(ProjectConfigurationPlatforms) = postSolution
		{E7B7263F-0394-46B2-A726-6BEEC3A6815C}.Debug|Any CPU.ActiveCfg = Debug|Any CPU
		{E7B7263F-0394-46B2-A726-6BEEC3A6815C}.Debug|Any CPU.Build.0 = Debug|Any CPU
		{E7B7263F-0394-46B2-A726-6BEEC3A6815C}.Release|Any CPU.ActiveCfg = Release|Any CPU
		{E7B7263F-0394-46B2-A726-6BEEC3A6815C}.Release|Any CPU.Build.0 = Release|Any CPU
	EndGlobalSection
	GlobalSection(SolutionProperties) = preSolution
		HideSolutionNode = FALSE
	EndGlobalSection
	GlobalSection(ExtensibilityGlobals) = postSolution
		SolutionGuid = {49771317-1DEB-436B-9F06-3C1F2DBEAE4F}
	EndGlobalSection
EndGlobal
